# THIS IS AN AUTOGENERATED FILE. DO NOT EDIT THIS FILE DIRECTLY.
# yarn lockfile v1


instantsearch.css@^8.0.0:
  version "8.0.0"
  resolved "https://registry.yarnpkg.com/instantsearch.css/-/instantsearch.css-8.0.0.tgz#66a56b52400c7a14f678859e35a12eb32696a417"
  integrity sha512-yU63cF9KdkyFFh7ynYQy39nh1MD1eVDHIaa/gdm8a/O9dTG/5P6hBF1ONoIbKTtjlxxsHS2S8MarCZZ0l31ajg==
